
Microsoft Visual Studio Solution File, Format Version 12.00
# Visual Studio Version 16
VisualStudioVersion = 16.0.30309.148
MinimumVisualStudioVersion = 10.0.40219.1
Project("{FAE04EC0-301F-11D3-BF4B-00C04F79EFBC}") = "Chess.Game", "Chess.App\Chess.Game.csproj", "{C1C2B0F8-8E25-4FD5-A6AB-AC1CC2EB8AF4}"
EndProject
Project("{FAE04EC0-301F-11D3-BF4B-00C04F79EFBC}") = "Chess.Lib", "Chess.Lib\Chess.Lib.csproj", "{BF30AF92-56A6-4C67-A2F1-87D0F28E7D0C}"
EndProject
Project("{FAE04EC0-301F-11D3-BF4B-00C04F79EFBC}") = "Chess.XUnit", "Chess.XUnit\Chess.XUnit.csproj", "{C6BCAF56-39E2-4FBC-A7C2-0A6A24DAD822}"
EndProject
Global
	GlobalSection(SolutionConfigurationPlatforms) = preSolution
		Debug|Any CPU = Debug|Any CPU
		Release|Any CPU = Release|Any CPU
	EndGlobalSection
	GlobalSection(ProjectConfigurationPlatforms) = postSolution
		{C1C2B0F8-8E25-4FD5-A6AB-AC1CC2EB8AF4}.Debug|Any CPU.ActiveCfg = Debug|Any CPU
		{C1C2B0F8-8E25-4FD5-A6AB-AC1CC2EB8AF4}.Debug|Any CPU.Build.0 = Debug|Any CPU
		{C1C2B0F8-8E25-4FD5-A6AB-AC1CC2EB8AF4}.Release|Any CPU.ActiveCfg = Release|Any CPU
		{C1C2B0F8-8E25-4FD5-A6AB-AC1CC2EB8AF4}.Release|Any CPU.Build.0 = Release|Any CPU
		{BF30AF92-56A6-4C67-A2F1-87D0F28E7D0C}.Debug|Any CPU.ActiveCfg = Debug|Any CPU
		{BF30AF92-56A6-4C67-A2F1-87D0F28E7D0C}.Debug|Any CPU.Build.0 = Debug|Any CPU
		{BF30AF92-56A6-4C67-A2F1-87D0F28E7D0C}.Release|Any CPU.ActiveCfg = Release|Any CPU
		{BF30AF92-56A6-4C67-A2F1-87D0F28E7D0C}.Release|Any CPU.Build.0 = Release|Any CPU
		{C6BCAF56-39E2-4FBC-A7C2-0A6A24DAD822}.Debug|Any CPU.ActiveCfg = Debug|Any CPU
		{C6BCAF56-39E2-4FBC-A7C2-0A6A24DAD822}.Debug|Any CPU.Build.0 = Debug|Any CPU
		{C6BCAF56-39E2-4FBC-A7C2-0A6A24DAD822}.Release|Any CPU.ActiveCfg = Release|Any CPU
		{C6BCAF56-39E2-4FBC-A7C2-0A6A24DAD822}.Release|Any CPU.Build.0 = Release|Any CPU
	EndGlobalSection
	GlobalSection(SolutionProperties) = preSolution
		HideSolutionNode = FALSE
	EndGlobalSection
	GlobalSection(ExtensibilityGlobals) = postSolution
		SolutionGuid = {0EFBE0CF-B798-4D98-A2AF-399AB35F191F}
	EndGlobalSection
EndGlobal
