
Microsoft Visual Studio Solution File, Format Version 12.00
# Visual Studio Version 16
VisualStudioVersion = 16.0.30309.148
MinimumVisualStudioVersion = 10.0.40219.1
Project("{FAE04EC0-301F-11D3-BF4B-00C04F79EFBC}") = "RandomChessMoves", "RandomChessMoves\RandomChessMoves.csproj", "{1A1A980B-9622-429E-A308-F600130EFB46}"
EndProject
Project("{FAE04EC0-301F-11D3-BF4B-00C04F79EFBC}") = "RandomChessMoves.XUnit", "RandomChessMoves.XUnit\RandomChessMoves.XUnit.csproj", "{1204B8F6-ED05-452C-BCEA-B06665E707DE}"
EndProject
Project("{FAE04EC0-301F-11D3-BF4B-00C04F79EFBC}") = "RandomChessMoves.Lib", "RandomChessMoves.Lib\RandomChessMoves.Lib.csproj", "{D6C51E9D-E22B-4BB0-B6A2-8720E28DA3B1}"
EndProject
Global
	GlobalSection(SolutionConfigurationPlatforms) = preSolution
		Debug|Any CPU = Debug|Any CPU
		Release|Any CPU = Release|Any CPU
	EndGlobalSection
	GlobalSection(ProjectConfigurationPlatforms) = postSolution
		{1A1A980B-9622-429E-A308-F600130EFB46}.Debug|Any CPU.ActiveCfg = Debug|Any CPU
		{1A1A980B-9622-429E-A308-F600130EFB46}.Debug|Any CPU.Build.0 = Debug|Any CPU
		{1A1A980B-9622-429E-A308-F600130EFB46}.Release|Any CPU.ActiveCfg = Release|Any CPU
		{1A1A980B-9622-429E-A308-F600130EFB46}.Release|Any CPU.Build.0 = Release|Any CPU
		{1204B8F6-ED05-452C-BCEA-B06665E707DE}.Debug|Any CPU.ActiveCfg = Debug|Any CPU
		{1204B8F6-ED05-452C-BCEA-B06665E707DE}.Debug|Any CPU.Build.0 = Debug|Any CPU
		{1204B8F6-ED05-452C-BCEA-B06665E707DE}.Release|Any CPU.ActiveCfg = Release|Any CPU
		{1204B8F6-ED05-452C-BCEA-B06665E707DE}.Release|Any CPU.Build.0 = Release|Any CPU
		{D6C51E9D-E22B-4BB0-B6A2-8720E28DA3B1}.Debug|Any CPU.ActiveCfg = Debug|Any CPU
		{D6C51E9D-E22B-4BB0-B6A2-8720E28DA3B1}.Debug|Any CPU.Build.0 = Debug|Any CPU
		{D6C51E9D-E22B-4BB0-B6A2-8720E28DA3B1}.Release|Any CPU.ActiveCfg = Release|Any CPU
		{D6C51E9D-E22B-4BB0-B6A2-8720E28DA3B1}.Release|Any CPU.Build.0 = Release|Any CPU
	EndGlobalSection
	GlobalSection(SolutionProperties) = preSolution
		HideSolutionNode = FALSE
	EndGlobalSection
	GlobalSection(ExtensibilityGlobals) = postSolution
		SolutionGuid = {0EFBE0CF-B798-4D98-A2AF-399AB35F191F}
	EndGlobalSection
EndGlobal
